{
  "name": "tunables-gtav",
  "version": "2.0.0",
  "lockfileVersion": 2,
  "requires": true,
  "packages": {
    "": {
      "name": "tunables-gtav",
      "version": "2.0.0",
      "license": "MIT",
      "dependencies": {
        "aes-js": "^2.1.1",
        "http-wrapper": "git+https://github.com/MikeRohsoft/mikes-node-www.git",
        "https": "^1.0.0",
        "jsonabc": "^2.3.1",
        "upath": "^2.0.1"
      }
    },
    "node_modules/aes-js": {
      "version": "2.1.1",
      "resolved": "https://registry.npmjs.org/aes-js/-/aes-js-2.1.1.tgz",
      "integrity": "sha512-AbF8g0JGAX5i2LCR40ucsWOdANYmA65wmg+qZzDwXUw8QocSl4FE0Cv58HcM2jPZQYybsdFvgieXJgQjRi91qA=="
    },
    "node_modules/http-wrapper": {
      "version": "1.0.0",
      "resolved": "git+ssh://git@github.com/MikeRohsoft/mikes-node-www.git#4b445d55e4323375838d93aa93054e0d5b397e22",
      "license": "ISC",
      "dependencies": {
        "https": "^1.0.0",
        "querystring": "^0.2.0"
      }
    },
    "node_modules/https": {
      "version": "1.0.0",
      "resolved": "https://registry.npmjs.org/https/-/https-1.0.0.tgz",
      "integrity": "sha512-4EC57ddXrkaF0x83Oj8sM6SLQHAWXw90Skqu2M4AEWENZ3F02dFJE/GARA8igO79tcgYqGrD7ae4f5L3um2lgg=="
    },
    "node_modules/jsonabc": {
      "version": "2.3.1",
      "resolved": "https://registry.npmjs.org/jsonabc/-/jsonabc-2.3.1.tgz",
      "integrity": "sha512-BeyxtaFNw7Alb3fUoAHZjw+Qp0+qmJdm52/mFcntoUJRD5p1aXmgKgjbNemLTsxAiG7Buk34ttMkip7XZmIn6g=="
    },
    "node_modules/querystring": {
      "version": "0.2.1",
      "resolved": "https://registry.npmjs.org/querystring/-/querystring-0.2.1.tgz",
      "integrity": "sha512-wkvS7mL/JMugcup3/rMitHmd9ecIGd2lhFhK9N3UUQ450h66d1r3Y9nvXzQAW1Lq+wyx61k/1pfKS5KuKiyEbg==",
      "deprecated": "The querystring API is considered Legacy. new code should use the URLSearchParams API instead.",
      "engines": {
        "node": ">=0.4.x"
      }
    },
    "node_modules/upath": {
      "version": "2.0.1",
      "resolved": "https://registry.npmjs.org/upath/-/upath-2.0.1.tgz",
      "integrity": "sha512-1uEe95xksV1O0CYKXo8vQvN1JEbtJp7lb7C5U9HMsIp6IVwntkH/oNUzyVNQSd4S1sYk2FpSSW44FqMc8qee5w==",
      "engines": {
        "node": ">=4",
        "yarn": "*"
      }
    }
  },
  "dependencies": {
    "aes-js": {
      "version": "2.1.1",
      "resolved": "https://registry.npmjs.org/aes-js/-/aes-js-2.1.1.tgz",
      "integrity": "sha512-AbF8g0JGAX5i2LCR40ucsWOdANYmA65wmg+qZzDwXUw8QocSl4FE0Cv58HcM2jPZQYybsdFvgieXJgQjRi91qA=="
    },
    "http-wrapper": {
      "version": "git+ssh://git@github.com/MikeRohsoft/mikes-node-www.git#4b445d55e4323375838d93aa93054e0d5b397e22",
      "from": "http-wrapper@git+https://github.com/MikeRohsoft/mikes-node-www.git",
      "requires": {
        "https": "^1.0.0",
        "querystring": "^0.2.0"
      }
    },
    "https": {
      "version": "1.0.0",
      "resolved": "https://registry.npmjs.org/https/-/https-1.0.0.tgz",
      "integrity": "sha512-4EC57ddXrkaF0x83Oj8sM6SLQHAWXw90Skqu2M4AEWENZ3F02dFJE/GARA8igO79tcgYqGrD7ae4f5L3um2lgg=="
    },
    "jsonabc": {
      "version": "2.3.1",
      "resolved": "https://registry.npmjs.org/jsonabc/-/jsonabc-2.3.1.tgz",
      "integrity": "sha512-BeyxtaFNw7Alb3fUoAHZjw+Qp0+qmJdm52/mFcntoUJRD5p1aXmgKgjbNemLTsxAiG7Buk34ttMkip7XZmIn6g=="
    },
    "querystring": {
      "version": "0.2.1",
      "resolved": "https://registry.npmjs.org/querystring/-/querystring-0.2.1.tgz",
      "integrity": "sha512-wkvS7mL/JMugcup3/rMitHmd9ecIGd2lhFhK9N3UUQ450h66d1r3Y9nvXzQAW1Lq+wyx61k/1pfKS5KuKiyEbg=="
    },
    "upath": {
      "version": "2.0.1",
      "resolved": "https://registry.npmjs.org/upath/-/upath-2.0.1.tgz",
      "integrity": "sha512-1uEe95xksV1O0CYKXo8vQvN1JEbtJp7lb7C5U9HMsIp6IVwntkH/oNUzyVNQSd4S1sYk2FpSSW44FqMc8qee5w=="
    }
  }
}
